
Microsoft Visual Studio Solution File, Format Version 12.00
# Visual Studio 15
VisualStudioVersion = 15.0.27130.2020
MinimumVisualStudioVersion = 10.0.40219.1
Project("{FAE04EC0-301F-11D3-BF4B-00C04F79EFBC}") = "SotiNugetSwapper", "SotiNugetSwapper\SotiNugetSwapper.csproj", "{38CC782E-1863-4071-9FD7-2568C6E58EBD}"
EndProject
Project("{FAE04EC0-301F-11D3-BF4B-00C04F79EFBC}") = "SotiNugetSwapper.Presentation", "SotiNugetSwapper.Presentation\SotiNugetSwapper.Presentation.csproj", "{FD1E9B96-F8BE-4898-AE50-B75784627052}"
EndProject
Global
	GlobalSection(SolutionConfigurationPlatforms) = preSolution
		Debug|Any CPU = Debug|Any CPU
		Release|Any CPU = Release|Any CPU
	EndGlobalSection
	GlobalSection(ProjectConfigurationPlatforms) = postSolution
		{38CC782E-1863-4071-9FD7-2568C6E58EBD}.Debug|Any CPU.ActiveCfg = Debug|Any CPU
		{38CC782E-1863-4071-9FD7-2568C6E58EBD}.Debug|Any CPU.Build.0 = Debug|Any CPU
		{38CC782E-1863-4071-9FD7-2568C6E58EBD}.Release|Any CPU.ActiveCfg = Release|Any CPU
		{38CC782E-1863-4071-9FD7-2568C6E58EBD}.Release|Any CPU.Build.0 = Release|Any CPU
		{FD1E9B96-F8BE-4898-AE50-B75784627052}.Debug|Any CPU.ActiveCfg = Debug|Any CPU
		{FD1E9B96-F8BE-4898-AE50-B75784627052}.Debug|Any CPU.Build.0 = Debug|Any CPU
		{FD1E9B96-F8BE-4898-AE50-B75784627052}.Release|Any CPU.ActiveCfg = Release|Any CPU
		{FD1E9B96-F8BE-4898-AE50-B75784627052}.Release|Any CPU.Build.0 = Release|Any CPU
	EndGlobalSection
	GlobalSection(SolutionProperties) = preSolution
		HideSolutionNode = FALSE
	EndGlobalSection
	GlobalSection(ExtensibilityGlobals) = postSolution
		SolutionGuid = {8F21208B-C9D2-47DB-A1F8-7088A8B0EA89}
	EndGlobalSection
EndGlobal
